
Microsoft Visual Studio Solution File, Format Version 11.00
# Visual Studio 2010
Project("{FAE04EC0-301F-11D3-BF4B-00C04F79EFBC}") = "Assembly-CSharp", "Assembly-CSharp.csproj", "{70df931d-2e37-32ad-fe32-7056020c957d}"
EndProject
Project("{FAE04EC0-301F-11D3-BF4B-00C04F79EFBC}") = "Assembly-CSharp-firstpass", "Assembly-CSharp-firstpass.csproj", "{a60ff256-bf6a-1b5b-5369-8ad95e9a7b7d}"
EndProject
Project("{FAE04EC0-301F-11D3-BF4B-00C04F79EFBC}") = "Assembly-CSharp-Editor-firstpass", "Assembly-CSharp-Editor-firstpass.csproj", "{44737c48-8c24-c958-9011-ca4b9c4dcba9}"
EndProject
Global
	GlobalSection(SolutionConfigurationPlatforms) = preSolution
		Debug|Any CPU = Debug|Any CPU
	EndGlobalSection
	GlobalSection(ProjectConfigurationPlatforms) = postSolution
		{70df931d-2e37-32ad-fe32-7056020c957d}.Debug|Any CPU.ActiveCfg = Debug|Any CPU
		{70df931d-2e37-32ad-fe32-7056020c957d}.Debug|Any CPU.Build.0 = Debug|Any CPU
		{a60ff256-bf6a-1b5b-5369-8ad95e9a7b7d}.Debug|Any CPU.ActiveCfg = Debug|Any CPU
		{a60ff256-bf6a-1b5b-5369-8ad95e9a7b7d}.Debug|Any CPU.Build.0 = Debug|Any CPU
		{44737c48-8c24-c958-9011-ca4b9c4dcba9}.Debug|Any CPU.ActiveCfg = Debug|Any CPU
		{44737c48-8c24-c958-9011-ca4b9c4dcba9}.Debug|Any CPU.Build.0 = Debug|Any CPU
	EndGlobalSection
	GlobalSection(SolutionProperties) = preSolution
		HideSolutionNode = FALSE
	EndGlobalSection
EndGlobal
